
Microsoft Visual Studio Solution File, Format Version 10.00
# Visual Studio 2008
Project("{FAE04EC0-301F-11D3-BF4B-00C04F79EFBC}") = "OmeiMVC", "OmeiMVC.csproj", "{49B485B5-CB98-4973-82FD-969DEBD21DB5}"
EndProject
Project("{FAE04EC0-301F-11D3-BF4B-00C04F79EFBC}") = "OmeiWebModel", "..\OmeiWebModel\OmeiWebModel.csproj", "{FCAC438C-FE9D-4EDD-A440-2FAE54083247}"
EndProject
Global
	GlobalSection(SolutionConfigurationPlatforms) = preSolution
		Debug|Any CPU = Debug|Any CPU
		Release|Any CPU = Release|Any CPU
	EndGlobalSection
	GlobalSection(ProjectConfigurationPlatforms) = postSolution
		{49B485B5-CB98-4973-82FD-969DEBD21DB5}.Debug|Any CPU.ActiveCfg = Debug|Any CPU
		{49B485B5-CB98-4973-82FD-969DEBD21DB5}.Debug|Any CPU.Build.0 = Debug|Any CPU
		{49B485B5-CB98-4973-82FD-969DEBD21DB5}.Release|Any CPU.ActiveCfg = Release|Any CPU
		{49B485B5-CB98-4973-82FD-969DEBD21DB5}.Release|Any CPU.Build.0 = Release|Any CPU
		{FCAC438C-FE9D-4EDD-A440-2FAE54083247}.Debug|Any CPU.ActiveCfg = Debug|Any CPU
		{FCAC438C-FE9D-4EDD-A440-2FAE54083247}.Debug|Any CPU.Build.0 = Debug|Any CPU
		{FCAC438C-FE9D-4EDD-A440-2FAE54083247}.Release|Any CPU.ActiveCfg = Release|Any CPU
		{FCAC438C-FE9D-4EDD-A440-2FAE54083247}.Release|Any CPU.Build.0 = Release|Any CPU
	EndGlobalSection
	GlobalSection(SolutionProperties) = preSolution
		HideSolutionNode = FALSE
	EndGlobalSection
EndGlobal
